// !$*UTF8*$!
{
	archiveVersion = 1;
	classes = {
	};
	objectVersion = 56;
	objects = {

/* Begin PBXBuildFile section */
		CFA48914294FF04C0099D73D /* SwiftUIPracticeApp.swift in Sources */ = {isa = PBXBuildFile; fileRef = CFA48913294FF04C0099D73D /* SwiftUIPracticeApp.swift */; };
		CFA48916294FF04C0099D73D /* ContentView.swift in Sources */ = {isa = PBXBuildFile; fileRef = CFA48915294FF04C0099D73D /* ContentView.swift */; };
		CFA48918294FF04E0099D73D /* Assets.xcassets in Resources */ = {isa = PBXBuildFile; fileRef = CFA48917294FF04E0099D73D /* Assets.xcassets */; };
		CFA4891B294FF04E0099D73D /* Preview Assets.xcassets in Resources */ = {isa = PBXBuildFile; fileRef = CFA4891A294FF04E0099D73D /* Preview Assets.xcassets */; };
		CFA48925294FF04E0099D73D /* SwiftUIPracticeTests.swift in Sources */ = {isa = PBXBuildFile; fileRef = CFA48924294FF04E0099D73D /* SwiftUIPracticeTests.swift */; };
		CFA4892F294FF04E0099D73D /* SwiftUIPracticeUITests.swift in Sources */ = {isa = PBXBuildFile; fileRef = CFA4892E294FF04E0099D73D /* SwiftUIPracticeUITests.swift */; };
		CFA48931294FF04E0099D73D /* SwiftUIPracticeUITestsLaunchTests.swift in Sources */ = {isa = PBXBuildFile; fileRef = CFA48930294FF04E0099D73D /* SwiftUIPracticeUITestsLaunchTests.swift */; };
/* End PBXBuildFile section */

/* Begin PBXContainerItemProxy section */
		CFA48921294FF04E0099D73D /* PBXContainerItemProxy */ = {
			isa = PBXContainerItemProxy;
			containerPortal = CFA48908294FF04C0099D73D /* Project object */;
			proxyType = 1;
			remoteGlobalIDString = CFA4890F294FF04C0099D73D;
			remoteInfo = SwiftUIPractice;
		};
		CFA4892B294FF04E0099D73D /* PBXContainerItemProxy */ = {
			isa = PBXContainerItemProxy;
			containerPortal = CFA48908294FF04C0099D73D /* Project object */;
			proxyType = 1;
			remoteGlobalIDString = CFA4890F294FF04C0099D73D;
			remoteInfo = SwiftUIPractice;
		};
/* End PBXContainerItemProxy section */

/* Begin PBXFileReference section */
		CFA48910294FF04C0099D73D /* SwiftUIPractice.app */ = {isa = PBXFileReference; explicitFileType = wrapper.application; includeInIndex = 0; path = SwiftUIPractice.app; sourceTree = BUILT_PRODUCTS_DIR; };
		CFA48913294FF04C0099D73D /* SwiftUIPracticeApp.swift */ = {isa = PBXFileReference; lastKnownFileType = sourcecode.swift; path = SwiftUIPracticeApp.swift; sourceTree = "<group>"; };
		CFA48915294FF04C0099D73D /* ContentView.swift */ = {isa = PBXFileReference; lastKnownFileType = sourcecode.swift; path = ContentView.swift; sourceTree = "<group>"; };
		CFA48917294FF04E0099D73D /* Assets.xcassets */ = {isa = PBXFileReference; lastKnownFileType = folder.assetcatalog; path = Assets.xcassets; sourceTree = "<group>"; };
		CFA4891A294FF04E0099D73D /* Preview Assets.xcassets */ = {isa = PBXFileReference; lastKnownFileType = folder.assetcatalog; path = "Preview Assets.xcassets"; sourceTree = "<group>"; };
		CFA48920294FF04E0099D73D /* SwiftUIPracticeTests.xctest */ = {isa = PBXFileReference; explicitFileType = wrapper.cfbundle; includeInIndex = 0; path = SwiftUIPracticeTests.xctest; sourceTree = BUILT_PRODUCTS_DIR; };
		CFA48924294FF04E0099D73D /* SwiftUIPracticeTests.swift */ = {isa = PBXFileReference; lastKnownFileType = sourcecode.swift; path = SwiftUIPracticeTests.swift; sourceTree = "<group>"; };
		CFA4892A294FF04E0099D73D /* SwiftUIPracticeUITests.xctest */ = {isa = PBXFileReference; explicitFileType = wrapper.cfbundle; includeInIndex = 0; path = SwiftUIPracticeUITests.xctest; sourceTree = BUILT_PRODUCTS_DIR; };
		CFA4892E294FF04E0099D73D /* SwiftUIPracticeUITests.swift */ = {isa = PBXFileReference; lastKnownFileType = sourcecode.swift; path = SwiftUIPracticeUITests.swift; sourceTree = "<group>"; };
		CFA48930294FF04E0099D73D /* SwiftUIPracticeUITestsLaunchTests.swift */ = {isa = PBXFileReference; lastKnownFileType = sourcecode.swift; path = SwiftUIPracticeUITestsLaunchTests.swift; sourceTree = "<group>"; };
/* End PBXFileReference section */

/* Begin PBXFrameworksBuildPhase section */
		CFA4890D294FF04C0099D73D /* Frameworks */ = {
			isa = PBXFrameworksBuildPhase;
			buildActionMask = 2147483647;
			files = (
			);
			runOnlyForDeploymentPostprocessing = 0;
		};
		CFA4891D294FF04E0099D73D /* Frameworks */ = {
			isa = PBXFrameworksBuildPhase;
			buildActionMask = 2147483647;
			files = (
			);
			runOnlyForDeploymentPostprocessing = 0;
		};
		CFA48927294FF04E0099D73D /* Frameworks */ = {
			isa = PBXFrameworksBuildPhase;
			buildActionMask = 2147483647;
			files = (
			);
			runOnlyForDeploymentPostprocessing = 0;
		};
/* End PBXFrameworksBuildPhase section */

/* Begin PBXGroup section */
		CFA48907294FF04C0099D73D = {
			isa = PBXGroup;
			children = (
				CFA48912294FF04C0099D73D /* SwiftUIPractice */,
				CFA48923294FF04E0099D73D /* SwiftUIPracticeTests */,
				CFA4892D294FF04E0099D73D /* SwiftUIPracticeUITests */,
				CFA48911294FF04C0099D73D /* Products */,
			);
			sourceTree = "<group>";
		};
		CFA48911294FF04C0099D73D /* Products */ = {
			isa = PBXGroup;
			children = (
				CFA48910294FF04C0099D73D /* SwiftUIPractice.app */,
				CFA48920294FF04E0099D73D /* SwiftUIPracticeTests.xctest */,
				CFA4892A294FF04E0099D73D /* SwiftUIPracticeUITests.xctest */,
			);
			name = Products;
			sourceTree = "<group>";
		};
		CFA48912294FF04C0099D73D /* SwiftUIPractice */ = {
			isa = PBXGroup;
			children = (
				CFA48913294FF04C0099D73D /* SwiftUIPracticeApp.swift */,
				CFA48915294FF04C0099D73D /* ContentView.swift */,
				CFA48917294FF04E0099D73D /* Assets.xcassets */,
				CFA48919294FF04E0099D73D /* Preview Content */,
			);
			path = SwiftUIPractice;
			sourceTree = "<group>";
		};
		CFA48919294FF04E0099D73D /* Preview Content */ = {
			isa = PBXGroup;
			children = (
				CFA4891A294FF04E0099D73D /* Preview Assets.xcassets */,
			);
			path = "Preview Content";
			sourceTree = "<group>";
		};
		CFA48923294FF04E0099D73D /* SwiftUIPracticeTests */ = {
			isa = PBXGroup;
			children = (
				CFA48924294FF04E0099D73D /* SwiftUIPracticeTests.swift */,
			);
			path = SwiftUIPracticeTests;
			sourceTree = "<group>";
		};
		CFA4892D294FF04E0099D73D /* SwiftUIPracticeUITests */ = {
			isa = PBXGroup;
			children = (
				CFA4892E294FF04E0099D73D /* SwiftUIPracticeUITests.swift */,
				CFA48930294FF04E0099D73D /* SwiftUIPracticeUITestsLaunchTests.swift */,
			);
			path = SwiftUIPracticeUITests;
			sourceTree = "<group>";
		};
/* End PBXGroup section */

/* Begin PBXNativeTarget section */
		CFA4890F294FF04C0099D73D /* SwiftUIPractice */ = {
			isa = PBXNativeTarget;
			buildConfigurationList = CFA48934294FF04E0099D73D /* Build configuration list for PBXNativeTarget "SwiftUIPractice" */;
			buildPhases = (
				CFA4890C294FF04C0099D73D /* Sources */,
				CFA4890D294FF04C0099D73D /* Frameworks */,
				CFA4890E294FF04C0099D73D /* Resources */,
			);
			buildRules = (
			);
			dependencies = (
			);
			name = SwiftUIPractice;
			productName = SwiftUIPractice;
			productReference = CFA48910294FF04C0099D73D /* SwiftUIPractice.app */;
			productType = "com.apple.product-type.application";
		};
		CFA4891F294FF04E0099D73D /* SwiftUIPracticeTests */ = {
			isa = PBXNativeTarget;
			buildConfigurationList = CFA48937294FF04E0099D73D /* Build configuration list for PBXNativeTarget "SwiftUIPracticeTests" */;
			buildPhases = (
				CFA4891C294FF04E0099D73D /* Sources */,
				CFA4891D294FF04E0099D73D /* Frameworks */,
				CFA4891E294FF04E0099D73D /* Resources */,
			);
			buildRules = (
			);
			dependencies = (
				CFA48922294FF04E0099D73D /* PBXTargetDependency */,
			);
			name = SwiftUIPracticeTests;
			productName = SwiftUIPracticeTests;
			productReference = CFA48920294FF04E0099D73D /* SwiftUIPracticeTests.xctest */;
			productType = "com.apple.product-type.bundle.unit-test";
		};
		CFA48929294FF04E0099D73D /* SwiftUIPracticeUITests */ = {
			isa = PBXNativeTarget;
			buildConfigurationList = CFA4893A294FF04E0099D73D /* Build configuration list for PBXNativeTarget "SwiftUIPracticeUITests" */;
			buildPhases = (
				CFA48926294FF04E0099D73D /* Sources */,
				CFA48927294FF04E0099D73D /* Frameworks */,
				CFA48928294FF04E0099D73D /* Resources */,
			);
			buildRules = (
			);
			dependencies = (
				CFA4892C294FF04E0099D73D /* PBXTargetDependency */,
			);
			name = SwiftUIPracticeUITests;
			productName = SwiftUIPracticeUITests;
			productReference = CFA4892A294FF04E0099D73D /* SwiftUIPracticeUITests.xctest */;
			productType = "com.apple.product-type.bundle.ui-testing";
		};
/* End PBXNativeTarget section */

/* Begin PBXProject section */
		CFA48908294FF04C0099D73D /* Project object */ = {
			isa = PBXProject;
			attributes = {
				BuildIndependentTargetsInParallel = 1;
				LastSwiftUpdateCheck = 1400;
				LastUpgradeCheck = 1400;
				TargetAttributes = {
					CFA4890F294FF04C0099D73D = {
						CreatedOnToolsVersion = 14.0.1;
					};
					CFA4891F294FF04E0099D73D = {
						CreatedOnToolsVersion = 14.0.1;
						TestTargetID = CFA4890F294FF04C0099D73D;
					};
					CFA48929294FF04E0099D73D = {
						CreatedOnToolsVersion = 14.0.1;
						TestTargetID = CFA4890F294FF04C0099D73D;
					};
				};
			};
			buildConfigurationList = CFA4890B294FF04C0099D73D /* Build configuration list for PBXProject "SwiftUIPractice" */;
			compatibilityVersion = "Xcode 14.0";
			developmentRegion = en;
			hasScannedForEncodings = 0;
			knownRegions = (
				en,
				Base,
			);
			mainGroup = CFA48907294FF04C0099D73D;
			productRefGroup = CFA48911294FF04C0099D73D /* Products */;
			projectDirPath = "";
			projectRoot = "";
			targets = (
				CFA4890F294FF04C0099D73D /* SwiftUIPractice */,
				CFA4891F294FF04E0099D73D /* SwiftUIPracticeTests */,
				CFA48929294FF04E0099D73D /* SwiftUIPracticeUITests */,
			);
		};
/* End PBXProject section */

/* Begin PBXResourcesBuildPhase section */
		CFA4890E294FF04C0099D73D /* Resources */ = {
			isa = PBXResourcesBuildPhase;
			buildActionMask = 2147483647;
			files = (
				CFA4891B294FF04E0099D73D /* Preview Assets.xcassets in Resources */,
				CFA48918294FF04E0099D73D /* Assets.xcassets in Resources */,
			);
			runOnlyForDeploymentPostprocessing = 0;
		};
		CFA4891E294FF04E0099D73D /* Resources */ = {
			isa = PBXResourcesBuildPhase;
			buildActionMask = 2147483647;
			files = (
			);
			runOnlyForDeploymentPostprocessing = 0;
		};
		CFA48928294FF04E0099D73D /* Resources */ = {
			isa = PBXResourcesBuildPhase;
			buildActionMask = 2147483647;
			files = (
			);
			runOnlyForDeploymentPostprocessing = 0;
		};
/* End PBXResourcesBuildPhase section */

/* Begin PBXSourcesBuildPhase section */
		CFA4890C294FF04C0099D73D /* Sources */ = {
			isa = PBXSourcesBuildPhase;
			buildActionMask = 2147483647;
			files = (
				CFA48916294FF04C0099D73D /* ContentView.swift in Sources */,
				CFA48914294FF04C0099D73D /* SwiftUIPracticeApp.swift in Sources */,
			);
			runOnlyForDeploymentPostprocessing = 0;
		};
		CFA4891C294FF04E0099D73D /* Sources */ = {
			isa = PBXSourcesBuildPhase;
			buildActionMask = 2147483647;
			files = (
				CFA48925294FF04E0099D73D /* SwiftUIPracticeTests.swift in Sources */,
			);
			runOnlyForDeploymentPostprocessing = 0;
		};
		CFA48926294FF04E0099D73D /* Sources */ = {
			isa = PBXSourcesBuildPhase;
			buildActionMask = 2147483647;
			files = (
				CFA4892F294FF04E0099D73D /* SwiftUIPracticeUITests.swift in Sources */,
				CFA48931294FF04E0099D73D /* SwiftUIPracticeUITestsLaunchTests.swift in Sources */,
			);
			runOnlyForDeploymentPostprocessing = 0;
		};
/* End PBXSourcesBuildPhase section */

/* Begin PBXTargetDependency section */
		CFA48922294FF04E0099D73D /* PBXTargetDependency */ = {
			isa = PBXTargetDependency;
			target = CFA4890F294FF04C0099D73D /* SwiftUIPractice */;
			targetProxy = CFA48921294FF04E0099D73D /* PBXContainerItemProxy */;
		};
		CFA4892C294FF04E0099D73D /* PBXTargetDependency */ = {
			isa = PBXTargetDependency;
			target = CFA4890F294FF04C0099D73D /* SwiftUIPractice */;
			targetProxy = CFA4892B294FF04E0099D73D /* PBXContainerItemProxy */;
		};
/* End PBXTargetDependency section */

/* Begin XCBuildConfiguration section */
		CFA48932294FF04E0099D73D /* Debug */ = {
			isa = XCBuildConfiguration;
			buildSettings = {
				ALWAYS_SEARCH_USER_PATHS = NO;
				CLANG_ANALYZER_NONNULL = YES;
				CLANG_ANALYZER_NUMBER_OBJECT_CONVERSION = YES_AGGRESSIVE;
				CLANG_CXX_LANGUAGE_STANDARD = "gnu++20";
				CLANG_ENABLE_MODULES = YES;
				CLANG_ENABLE_OBJC_ARC = YES;
				CLANG_ENABLE_OBJC_WEAK = YES;
				CLANG_WARN_BLOCK_CAPTURE_AUTORELEASING = YES;
				CLANG_WARN_BOOL_CONVERSION = YES;
				CLANG_WARN_COMMA = YES;
				CLANG_WARN_CONSTANT_CONVERSION = YES;
				CLANG_WARN_DEPRECATED_OBJC_IMPLEMENTATIONS = YES;
				CLANG_WARN_DIRECT_OBJC_ISA_USAGE = YES_ERROR;
				CLANG_WARN_DOCUMENTATION_COMMENTS = YES;
				CLANG_WARN_EMPTY_BODY = YES;
				CLANG_WARN_ENUM_CONVERSION = YES;
				CLANG_WARN_INFINITE_RECURSION = YES;
				CLANG_WARN_INT_CONVERSION = YES;
				CLANG_WARN_NON_LITERAL_NULL_CONVERSION = YES;
				CLANG_WARN_OBJC_IMPLICIT_RETAIN_SELF = YES;
				CLANG_WARN_OBJC_LITERAL_CONVERSION = YES;
				CLANG_WARN_OBJC_ROOT_CLASS = YES_ERROR;
				CLANG_WARN_QUOTED_INCLUDE_IN_FRAMEWORK_HEADER = YES;
				CLANG_WARN_RANGE_LOOP_ANALYSIS = YES;
				CLANG_WARN_STRICT_PROTOTYPES = YES;
				CLANG_WARN_SUSPICIOUS_MOVE = YES;
				CLANG_WARN_UNGUARDED_AVAILABILITY = YES_AGGRESSIVE;
				CLANG_WARN_UNREACHABLE_CODE = YES;
				CLANG_WARN__DUPLICATE_METHOD_MATCH = YES;
				COPY_PHASE_STRIP = NO;
				DEBUG_INFORMATION_FORMAT = dwarf;
				ENABLE_STRICT_OBJC_MSGSEND = YES;
				ENABLE_TESTABILITY = YES;
				GCC_C_LANGUAGE_STANDARD = gnu11;
				GCC_DYNAMIC_NO_PIC = NO;
				GCC_NO_COMMON_BLOCKS = YES;
				GCC_OPTIMIZATION_LEVEL = 0;
				GCC_PREPROCESSOR_DEFINITIONS = (
					"DEBUG=1",
					"$(inherited)",
				);
				GCC_WARN_64_TO_32_BIT_CONVERSION = YES;
				GCC_WARN_ABOUT_RETURN_TYPE = YES_ERROR;
				GCC_WARN_UNDECLARED_SELECTOR = YES;
				GCC_WARN_UNINITIALIZED_AUTOS = YES_AGGRESSIVE;
				GCC_WARN_UNUSED_FUNCTION = YES;
				GCC_WARN_UNUSED_VARIABLE = YES;
				IPHONEOS_DEPLOYMENT_TARGET = 16.0;
				MTL_ENABLE_DEBUG_INFO = INCLUDE_SOURCE;
				MTL_FAST_MATH = YES;
				ONLY_ACTIVE_ARCH = YES;
				SDKROOT = iphoneos;
				SWIFT_ACTIVE_COMPILATION_CONDITIONS = DEBUG;
				SWIFT_OPTIMIZATION_LEVEL = "-Onone";
			};
			name = Debug;
		};
		CFA48933294FF04E0099D73D /* Release */ = {
			isa = XCBuildConfiguration;
			buildSettings = {
				ALWAYS_SEARCH_USER_PATHS = NO;
				CLANG_ANALYZER_NONNULL = YES;
				CLANG_ANALYZER_NUMBER_OBJECT_CONVERSION = YES_AGGRESSIVE;
				CLANG_CXX_LANGUAGE_STANDARD = "gnu++20";
				CLANG_ENABLE_MODULES = YES;
				CLANG_ENABLE_OBJC_ARC = YES;
				CLANG_ENABLE_OBJC_WEAK = YES;
				CLANG_WARN_BLOCK_CAPTURE_AUTORELEASING = YES;
				CLANG_WARN_BOOL_CONVERSION = YES;
				CLANG_WARN_COMMA = YES;
				CLANG_WARN_CONSTANT_CONVERSION = YES;
				CLANG_WARN_DEPRECATED_OBJC_IMPLEMENTATIONS = YES;
				CLANG_WARN_DIRECT_OBJC_ISA_USAGE = YES_ERROR;
				CLANG_WARN_DOCUMENTATION_COMMENTS = YES;
				CLANG_WARN_EMPTY_BODY = YES;
				CLANG_WARN_ENUM_CONVERSION = YES;
				CLANG_WARN_INFINITE_RECURSION = YES;
				CLANG_WARN_INT_CONVERSION = YES;
				CLANG_WARN_NON_LITERAL_NULL_CONVERSION = YES;
				CLANG_WARN_OBJC_IMPLICIT_RETAIN_SELF = YES;
				CLANG_WARN_OBJC_LITERAL_CONVERSION = YES;
				CLANG_WARN_OBJC_ROOT_CLASS = YES_ERROR;
				CLANG_WARN_QUOTED_INCLUDE_IN_FRAMEWORK_HEADER = YES;
				CLANG_WARN_RANGE_LOOP_ANALYSIS = YES;
				CLANG_WARN_STRICT_PROTOTYPES = YES;
				CLANG_WARN_SUSPICIOUS_MOVE = YES;
				CLANG_WARN_UNGUARDED_AVAILABILITY = YES_AGGRESSIVE;
				CLANG_WARN_UNREACHABLE_CODE = YES;
				CLANG_WARN__DUPLICATE_METHOD_MATCH = YES;
				COPY_PHASE_STRIP = NO;
				DEBUG_INFORMATION_FORMAT = "dwarf-with-dsym";
				ENABLE_NS_ASSERTIONS = NO;
				ENABLE_STRICT_OBJC_MSGSEND = YES;
				GCC_C_LANGUAGE_STANDARD = gnu11;
				GCC_NO_COMMON_BLOCKS = YES;
				GCC_WARN_64_TO_32_BIT_CONVERSION = YES;
				GCC_WARN_ABOUT_RETURN_TYPE = YES_ERROR;
				GCC_WARN_UNDECLARED_SELECTOR = YES;
				GCC_WARN_UNINITIALIZED_AUTOS = YES_AGGRESSIVE;
				GCC_WARN_UNUSED_FUNCTION = YES;
				GCC_WARN_UNUSED_VARIABLE = YES;
				IPHONEOS_DEPLOYMENT_TARGET = 16.0;
				MTL_ENABLE_DEBUG_INFO = NO;
				MTL_FAST_MATH = YES;
				SDKROOT = iphoneos;
				SWIFT_COMPILATION_MODE = wholemodule;
				SWIFT_OPTIMIZATION_LEVEL = "-O";
				VALIDATE_PRODUCT = YES;
			};
			name = Release;
		};
		CFA48935294FF04E0099D73D /* Debug */ = {
			isa = XCBuildConfiguration;
			buildSettings = {
				ASSETCATALOG_COMPILER_APPICON_NAME = AppIcon;
				ASSETCATALOG_COMPILER_GLOBAL_ACCENT_COLOR_NAME = AccentColor;
				CODE_SIGN_STYLE = Automatic;
				CURRENT_PROJECT_VERSION = 1;
				DEVELOPMENT_ASSET_PATHS = "\"SwiftUIPractice/Preview Content\"";
				DEVELOPMENT_TEAM = V39QSCSL6T;
				ENABLE_PREVIEWS = YES;
				GENERATE_INFOPLIST_FILE = YES;
				INFOPLIST_KEY_UIApplicationSceneManifest_Generation = YES;
				INFOPLIST_KEY_UIApplicationSupportsIndirectInputEvents = YES;
				INFOPLIST_KEY_UILaunchScreen_Generation = YES;
				INFOPLIST_KEY_UISupportedInterfaceOrientations_iPad = "UIInterfaceOrientationPortrait UIInterfaceOrientationPortraitUpsideDown UIInterfaceOrientationLandscapeLeft UIInterfaceOrientationLandscapeRight";
				INFOPLIST_KEY_UISupportedInterfaceOrientations_iPhone = "UIInterfaceOrientationPortrait UIInterfaceOrientationLandscapeLeft UIInterfaceOrientationLandscapeRight";
				LD_RUNPATH_SEARCH_PATHS = (
					"$(inherited)",
					"@executable_path/Frameworks",
				);
				MARKETING_VERSION = 1.0;
				PRODUCT_BUNDLE_IDENTIFIER = com.lec.sesac.SwiftUIPractice;
				PRODUCT_NAME = "$(TARGET_NAME)";
				SWIFT_EMIT_LOC_STRINGS = YES;
				SWIFT_VERSION = 5.0;
				TARGETED_DEVICE_FAMILY = "1,2";
			};
			name = Debug;
		};
		CFA48936294FF04E0099D73D /* Release */ = {
			isa = XCBuildConfiguration;
			buildSettings = {
				ASSETCATALOG_COMPILER_APPICON_NAME = AppIcon;
				ASSETCATALOG_COMPILER_GLOBAL_ACCENT_COLOR_NAME = AccentColor;
				CODE_SIGN_STYLE = Automatic;
				CURRENT_PROJECT_VERSION = 1;
				DEVELOPMENT_ASSET_PATHS = "\"SwiftUIPractice/Preview Content\"";
				DEVELOPMENT_TEAM = V39QSCSL6T;
				ENABLE_PREVIEWS = YES;
				GENERATE_INFOPLIST_FILE = YES;
				INFOPLIST_KEY_UIApplicationSceneManifest_Generation = YES;
				INFOPLIST_KEY_UIApplicationSupportsIndirectInputEvents = YES;
				INFOPLIST_KEY_UILaunchScreen_Generation = YES;
				INFOPLIST_KEY_UISupportedInterfaceOrientations_iPad = "UIInterfaceOrientationPortrait UIInterfaceOrientationPortraitUpsideDown UIInterfaceOrientationLandscapeLeft UIInterfaceOrientationLandscapeRight";
				INFOPLIST_KEY_UISupportedInterfaceOrientations_iPhone = "UIInterfaceOrientationPortrait UIInterfaceOrientationLandscapeLeft UIInterfaceOrientationLandscapeRight";
				LD_RUNPATH_SEARCH_PATHS = (
					"$(inherited)",
					"@executable_path/Frameworks",
				);
				MARKETING_VERSION = 1.0;
				PRODUCT_BUNDLE_IDENTIFIER = com.lec.sesac.SwiftUIPractice;
				PRODUCT_NAME = "$(TARGET_NAME)";
				SWIFT_EMIT_LOC_STRINGS = YES;
				SWIFT_VERSION = 5.0;
				TARGETED_DEVICE_FAMILY = "1,2";
			};
			name = Release;
		};
		CFA48938294FF04E0099D73D /* Debug */ = {
			isa = XCBuildConfiguration;
			buildSettings = {
				ALWAYS_EMBED_SWIFT_STANDARD_LIBRARIES = YES;
				BUNDLE_LOADER = "$(TEST_HOST)";
				CODE_SIGN_STYLE = Automatic;
				CURRENT_PROJECT_VERSION = 1;
				DEVELOPMENT_TEAM = V39QSCSL6T;
				GENERATE_INFOPLIST_FILE = YES;
				IPHONEOS_DEPLOYMENT_TARGET = 16.0;
				MARKETING_VERSION = 1.0;
				PRODUCT_BUNDLE_IDENTIFIER = com.lec.sesac.SwiftUIPracticeTests;
				PRODUCT_NAME = "$(TARGET_NAME)";
				SWIFT_EMIT_LOC_STRINGS = NO;
				SWIFT_VERSION = 5.0;
				TARGETED_DEVICE_FAMILY = "1,2";
				TEST_HOST = "$(BUILT_PRODUCTS_DIR)/SwiftUIPractice.app/$(BUNDLE_EXECUTABLE_FOLDER_PATH)/SwiftUIPractice";
			};
			name = Debug;
		};
		CFA48939294FF04E0099D73D /* Release */ = {
			isa = XCBuildConfiguration;
			buildSettings = {
				ALWAYS_EMBED_SWIFT_STANDARD_LIBRARIES = YES;
				BUNDLE_LOADER = "$(TEST_HOST)";
				CODE_SIGN_STYLE = Automatic;
				CURRENT_PROJECT_VERSION = 1;
				DEVELOPMENT_TEAM = V39QSCSL6T;
				GENERATE_INFOPLIST_FILE = YES;
				IPHONEOS_DEPLOYMENT_TARGET = 16.0;
				MARKETING_VERSION = 1.0;
				PRODUCT_BUNDLE_IDENTIFIER = com.lec.sesac.SwiftUIPracticeTests;
				PRODUCT_NAME = "$(TARGET_NAME)";
				SWIFT_EMIT_LOC_STRINGS = NO;
				SWIFT_VERSION = 5.0;
				TARGETED_DEVICE_FAMILY = "1,2";
				TEST_HOST = "$(BUILT_PRODUCTS_DIR)/SwiftUIPractice.app/$(BUNDLE_EXECUTABLE_FOLDER_PATH)/SwiftUIPractice";
			};
			name = Release;
		};
		CFA4893B294FF04E0099D73D /* Debug */ = {
			isa = XCBuildConfiguration;
			buildSettings = {
				ALWAYS_EMBED_SWIFT_STANDARD_LIBRARIES = YES;
				CODE_SIGN_STYLE = Automatic;
				CURRENT_PROJECT_VERSION = 1;
				DEVELOPMENT_TEAM = V39QSCSL6T;
				GENERATE_INFOPLIST_FILE = YES;
				MARKETING_VERSION = 1.0;
				PRODUCT_BUNDLE_IDENTIFIER = com.lec.sesac.SwiftUIPracticeUITests;
				PRODUCT_NAME = "$(TARGET_NAME)";
				SWIFT_EMIT_LOC_STRINGS = NO;
				SWIFT_VERSION = 5.0;
				TARGETED_DEVICE_FAMILY = "1,2";
				TEST_TARGET_NAME = SwiftUIPractice;
			};
			name = Debug;
		};
		CFA4893C294FF04E0099D73D /* Release */ = {
			isa = XCBuildConfiguration;
			buildSettings = {
				ALWAYS_EMBED_SWIFT_STANDARD_LIBRARIES = YES;
				CODE_SIGN_STYLE = Automatic;
				CURRENT_PROJECT_VERSION = 1;
				DEVELOPMENT_TEAM = V39QSCSL6T;
				GENERATE_INFOPLIST_FILE = YES;
				MARKETING_VERSION = 1.0;
				PRODUCT_BUNDLE_IDENTIFIER = com.lec.sesac.SwiftUIPracticeUITests;
				PRODUCT_NAME = "$(TARGET_NAME)";
				SWIFT_EMIT_LOC_STRINGS = NO;
				SWIFT_VERSION = 5.0;
				TARGETED_DEVICE_FAMILY = "1,2";
				TEST_TARGET_NAME = SwiftUIPractice;
			};
			name = Release;
		};
/* End XCBuildConfiguration section */

/* Begin XCConfigurationList section */
		CFA4890B294FF04C0099D73D /* Build configuration list for PBXProject "SwiftUIPractice" */ = {
			isa = XCConfigurationList;
			buildConfigurations = (
				CFA48932294FF04E0099D73D /* Debug */,
				CFA48933294FF04E0099D73D /* Release */,
			);
			defaultConfigurationIsVisible = 0;
			defaultConfigurationName = Release;
		};
		CFA48934294FF04E0099D73D /* Build configuration list for PBXNativeTarget "SwiftUIPractice" */ = {
			isa = XCConfigurationList;
			buildConfigurations = (
				CFA48935294FF04E0099D73D /* Debug */,
				CFA48936294FF04E0099D73D /* Release */,
			);
			defaultConfigurationIsVisible = 0;
			defaultConfigurationName = Release;
		};
		CFA48937294FF04E0099D73D /* Build configuration list for PBXNativeTarget "SwiftUIPracticeTests" */ = {
			isa = XCConfigurationList;
			buildConfigurations = (
				CFA48938294FF04E0099D73D /* Debug */,
				CFA48939294FF04E0099D73D /* Release */,
			);
			defaultConfigurationIsVisible = 0;
			defaultConfigurationName = Release;
		};
		CFA4893A294FF04E0099D73D /* Build configuration list for PBXNativeTarget "SwiftUIPracticeUITests" */ = {
			isa = XCConfigurationList;
			buildConfigurations = (
				CFA4893B294FF04E0099D73D /* Debug */,
				CFA4893C294FF04E0099D73D /* Release */,
			);
			defaultConfigurationIsVisible = 0;
			defaultConfigurationName = Release;
		};
/* End XCConfigurationList section */
	};
	rootObject = CFA48908294FF04C0099D73D /* Project object */;
}
